
Microsoft Visual Studio Solution File, Format Version 12.00
# Visual Studio Version 17
VisualStudioVersion = 17.12.35707.178
MinimumVisualStudioVersion = 10.0.40219.1
Project("{2150E333-8FDC-42A3-9474-1A3956D46DE8}") = "Services", "Services", "{0C605A26-96EA-45B3-8DBD-9709B85C2633}"
EndProject
Project("{2150E333-8FDC-42A3-9474-1A3956D46DE8}") = "Shared", "Shared", "{1D0E80F4-9568-483D-9337-15F3D896ECC8}"
EndProject
Project("{2150E333-8FDC-42A3-9474-1A3956D46DE8}") = "Auth", "Auth", "{6B2B6528-B85A-445B-8678-18916144FE4D}"
EndProject
Project("{2150E333-8FDC-42A3-9474-1A3956D46DE8}") = "Customers", "Customers", "{A061B01D-3985-4C6A-91D4-3E5B250B1AA6}"
EndProject
Project("{FAE04EC0-301F-11D3-BF4B-00C04F79EFBC}") = "Auth.API", "Services\Auth\Auth.API\Auth.API.csproj", "{32A2D939-D5B4-4055-96CD-9CD1384ABCB8}"
EndProject
Project("{FAE04EC0-301F-11D3-BF4B-00C04F79EFBC}") = "Customers.API", "Services\Customers\Customers.API\Customers.API.csproj", "{BE8788C0-0CC7-4DD1-82D8-44196559C726}"
EndProject
Project("{FAE04EC0-301F-11D3-BF4B-00C04F79EFBC}") = "Customers.EventHandler", "Services\Customers\Customers.EventHandler\Customers.EventHandler.csproj", "{2EC71228-4488-4F7E-B427-45215C3EDAA8}"
EndProject
Project("{FAE04EC0-301F-11D3-BF4B-00C04F79EFBC}") = "Core.DataAccess", "Shared\Core.DataAccess\Core.DataAccess.csproj", "{99DAE43C-CC40-4153-92E6-3A0661B65ACC}"
EndProject
Project("{FAE04EC0-301F-11D3-BF4B-00C04F79EFBC}") = "Core.Messaging", "Shared\Core.Messaging\Core.Messaging.csproj", "{ACD469C8-FEB5-46C9-B7A5-4BF909BED9C2}"
EndProject
Project("{FAE04EC0-301F-11D3-BF4B-00C04F79EFBC}") = "Core.Contexts", "Shared\Core.Contexts\Core.Contexts.csproj", "{8E480F84-EDF5-47C5-9D5B-379667AC616D}"
EndProject
Project("{FAE04EC0-301F-11D3-BF4B-00C04F79EFBC}") = "Customers.Core", "Services\Customers\Customers.Core\Customers.Core.csproj", "{0800C141-5FF7-4696-ADA6-9A8F0D0E339E}"
EndProject
Project("{FAE04EC0-301F-11D3-BF4B-00C04F79EFBC}") = "Shared.Web", "Shared\Shared.Web\Shared.Web.csproj", "{9FA71A07-A7B1-4C43-870D-544359154195}"
EndProject
Project("{FAE04EC0-301F-11D3-BF4B-00C04F79EFBC}") = "Store.Core", "Services\Store\Store.Core.csproj", "{C3E43DDA-7615-4132-BB03-12F937DE4C2F}"
EndProject
Project("{2150E333-8FDC-42A3-9474-1A3956D46DE8}") = "Store", "Store", "{8184AE06-F7DC-49B7-84DF-2D0DA5BCE928}"
EndProject
Global
	GlobalSection(SolutionConfigurationPlatforms) = preSolution
		Debug|Any CPU = Debug|Any CPU
		Release|Any CPU = Release|Any CPU
	EndGlobalSection
	GlobalSection(ProjectConfigurationPlatforms) = postSolution
		{32A2D939-D5B4-4055-96CD-9CD1384ABCB8}.Debug|Any CPU.ActiveCfg = Debug|Any CPU
		{32A2D939-D5B4-4055-96CD-9CD1384ABCB8}.Debug|Any CPU.Build.0 = Debug|Any CPU
		{32A2D939-D5B4-4055-96CD-9CD1384ABCB8}.Release|Any CPU.ActiveCfg = Release|Any CPU
		{32A2D939-D5B4-4055-96CD-9CD1384ABCB8}.Release|Any CPU.Build.0 = Release|Any CPU
		{BE8788C0-0CC7-4DD1-82D8-44196559C726}.Debug|Any CPU.ActiveCfg = Debug|Any CPU
		{BE8788C0-0CC7-4DD1-82D8-44196559C726}.Debug|Any CPU.Build.0 = Debug|Any CPU
		{BE8788C0-0CC7-4DD1-82D8-44196559C726}.Release|Any CPU.ActiveCfg = Release|Any CPU
		{BE8788C0-0CC7-4DD1-82D8-44196559C726}.Release|Any CPU.Build.0 = Release|Any CPU
		{2EC71228-4488-4F7E-B427-45215C3EDAA8}.Debug|Any CPU.ActiveCfg = Debug|Any CPU
		{2EC71228-4488-4F7E-B427-45215C3EDAA8}.Debug|Any CPU.Build.0 = Debug|Any CPU
		{2EC71228-4488-4F7E-B427-45215C3EDAA8}.Release|Any CPU.ActiveCfg = Release|Any CPU
		{2EC71228-4488-4F7E-B427-45215C3EDAA8}.Release|Any CPU.Build.0 = Release|Any CPU
		{99DAE43C-CC40-4153-92E6-3A0661B65ACC}.Debug|Any CPU.ActiveCfg = Debug|Any CPU
		{99DAE43C-CC40-4153-92E6-3A0661B65ACC}.Debug|Any CPU.Build.0 = Debug|Any CPU
		{99DAE43C-CC40-4153-92E6-3A0661B65ACC}.Release|Any CPU.ActiveCfg = Release|Any CPU
		{99DAE43C-CC40-4153-92E6-3A0661B65ACC}.Release|Any CPU.Build.0 = Release|Any CPU
		{ACD469C8-FEB5-46C9-B7A5-4BF909BED9C2}.Debug|Any CPU.ActiveCfg = Debug|Any CPU
		{ACD469C8-FEB5-46C9-B7A5-4BF909BED9C2}.Debug|Any CPU.Build.0 = Debug|Any CPU
		{ACD469C8-FEB5-46C9-B7A5-4BF909BED9C2}.Release|Any CPU.ActiveCfg = Release|Any CPU
		{ACD469C8-FEB5-46C9-B7A5-4BF909BED9C2}.Release|Any CPU.Build.0 = Release|Any CPU
		{8E480F84-EDF5-47C5-9D5B-379667AC616D}.Debug|Any CPU.ActiveCfg = Debug|Any CPU
		{8E480F84-EDF5-47C5-9D5B-379667AC616D}.Debug|Any CPU.Build.0 = Debug|Any CPU
		{8E480F84-EDF5-47C5-9D5B-379667AC616D}.Release|Any CPU.ActiveCfg = Release|Any CPU
		{8E480F84-EDF5-47C5-9D5B-379667AC616D}.Release|Any CPU.Build.0 = Release|Any CPU
		{0800C141-5FF7-4696-ADA6-9A8F0D0E339E}.Debug|Any CPU.ActiveCfg = Debug|Any CPU
		{0800C141-5FF7-4696-ADA6-9A8F0D0E339E}.Debug|Any CPU.Build.0 = Debug|Any CPU
		{0800C141-5FF7-4696-ADA6-9A8F0D0E339E}.Release|Any CPU.ActiveCfg = Release|Any CPU
		{0800C141-5FF7-4696-ADA6-9A8F0D0E339E}.Release|Any CPU.Build.0 = Release|Any CPU
		{9FA71A07-A7B1-4C43-870D-544359154195}.Debug|Any CPU.ActiveCfg = Debug|Any CPU
		{9FA71A07-A7B1-4C43-870D-544359154195}.Debug|Any CPU.Build.0 = Debug|Any CPU
		{9FA71A07-A7B1-4C43-870D-544359154195}.Release|Any CPU.ActiveCfg = Release|Any CPU
		{9FA71A07-A7B1-4C43-870D-544359154195}.Release|Any CPU.Build.0 = Release|Any CPU
		{C3E43DDA-7615-4132-BB03-12F937DE4C2F}.Debug|Any CPU.ActiveCfg = Debug|Any CPU
		{C3E43DDA-7615-4132-BB03-12F937DE4C2F}.Debug|Any CPU.Build.0 = Debug|Any CPU
		{C3E43DDA-7615-4132-BB03-12F937DE4C2F}.Release|Any CPU.ActiveCfg = Release|Any CPU
		{C3E43DDA-7615-4132-BB03-12F937DE4C2F}.Release|Any CPU.Build.0 = Release|Any CPU
	EndGlobalSection
	GlobalSection(SolutionProperties) = preSolution
		HideSolutionNode = FALSE
	EndGlobalSection
	GlobalSection(NestedProjects) = preSolution
		{6B2B6528-B85A-445B-8678-18916144FE4D} = {0C605A26-96EA-45B3-8DBD-9709B85C2633}
		{A061B01D-3985-4C6A-91D4-3E5B250B1AA6} = {0C605A26-96EA-45B3-8DBD-9709B85C2633}
		{32A2D939-D5B4-4055-96CD-9CD1384ABCB8} = {6B2B6528-B85A-445B-8678-18916144FE4D}
		{BE8788C0-0CC7-4DD1-82D8-44196559C726} = {A061B01D-3985-4C6A-91D4-3E5B250B1AA6}
		{2EC71228-4488-4F7E-B427-45215C3EDAA8} = {A061B01D-3985-4C6A-91D4-3E5B250B1AA6}
		{99DAE43C-CC40-4153-92E6-3A0661B65ACC} = {1D0E80F4-9568-483D-9337-15F3D896ECC8}
		{ACD469C8-FEB5-46C9-B7A5-4BF909BED9C2} = {1D0E80F4-9568-483D-9337-15F3D896ECC8}
		{8E480F84-EDF5-47C5-9D5B-379667AC616D} = {1D0E80F4-9568-483D-9337-15F3D896ECC8}
		{0800C141-5FF7-4696-ADA6-9A8F0D0E339E} = {A061B01D-3985-4C6A-91D4-3E5B250B1AA6}
		{9FA71A07-A7B1-4C43-870D-544359154195} = {1D0E80F4-9568-483D-9337-15F3D896ECC8}
		{C3E43DDA-7615-4132-BB03-12F937DE4C2F} = {8184AE06-F7DC-49B7-84DF-2D0DA5BCE928}
		{8184AE06-F7DC-49B7-84DF-2D0DA5BCE928} = {0C605A26-96EA-45B3-8DBD-9709B85C2633}
	EndGlobalSection
EndGlobal
